// !$*UTF8*$!
{
	archiveVersion = 1;
	classes = {
	};
	objectVersion = 46;
	objects = {

/* Begin PBXBuildFile section */
		0116539113C8FD7600942540 /* UIKit.framework in Frameworks */ = {isa = PBXBuildFile; fileRef = 0116539013C8FD7600942540 /* UIKit.framework */; };
		0116539313C8FD7600942540 /* Foundation.framework in Frameworks */ = {isa = PBXBuildFile; fileRef = 0116539213C8FD7600942540 /* Foundation.framework */; };
		0116539513C8FD7600942540 /* CoreGraphics.framework in Frameworks */ = {isa = PBXBuildFile; fileRef = 0116539413C8FD7600942540 /* CoreGraphics.framework */; };
		0116539713C8FD7600942540 /* QuartzCore.framework in Frameworks */ = {isa = PBXBuildFile; fileRef = 0116539613C8FD7600942540 /* QuartzCore.framework */; };
		0116539913C8FD7600942540 /* OpenGLES.framework in Frameworks */ = {isa = PBXBuildFile; fileRef = 0116539813C8FD7600942540 /* OpenGLES.framework */; };
		016B4BD013CB825000A06541 /* MainWindow.xib in Resources */ = {isa = PBXBuildFile; fileRef = 016B4BB913CB825000A06541 /* MainWindow.xib */; };
		016B4BD813CB825000A06541 /* main.m in Sources */ = {isa = PBXBuildFile; fileRef = 016B4BC613CB825000A06541 /* main.m */; };
		0183CA5E157CED8400805862 /* GLImageMap.m in Sources */ = {isa = PBXBuildFile; fileRef = 0183CA5D157CED8400805862 /* GLImageMap.m */; };
		0183CA62157D072000805862 /* GLUtils.m in Sources */ = {isa = PBXBuildFile; fileRef = 0183CA61157D072000805862 /* GLUtils.m */; };
		019894D11582A45900023C5C /* image1.png in Resources */ = {isa = PBXBuildFile; fileRef = 019894CA1582A45900023C5C /* image1.png */; };
		019894D21582A45900023C5C /* image1@2x.png in Resources */ = {isa = PBXBuildFile; fileRef = 019894CB1582A45900023C5C /* image1@2x.png */; };
		019894D31582A45900023C5C /* Image1~ipad.png in Resources */ = {isa = PBXBuildFile; fileRef = 019894CC1582A45900023C5C /* Image1~ipad.png */; };
		019894D41582A45900023C5C /* Image1@2x~ipad.png in Resources */ = {isa = PBXBuildFile; fileRef = 019894CD1582A45900023C5C /* Image1@2x~ipad.png */; };
		019894DB1582A4BA00023C5C /* ViewController.m in Sources */ = {isa = PBXBuildFile; fileRef = 019894D91582A4BA00023C5C /* ViewController.m */; };
		019894DC1582A4BA00023C5C /* ViewController.xib in Resources */ = {isa = PBXBuildFile; fileRef = 019894DA1582A4BA00023C5C /* ViewController.xib */; };
		019894DF1582A70D00023C5C /* AppDelegate.m in Sources */ = {isa = PBXBuildFile; fileRef = 019894DE1582A70D00023C5C /* AppDelegate.m */; };
		019894E11582AAB800023C5C /* ViewController~ipad.xib in Resources */ = {isa = PBXBuildFile; fileRef = 019894E01582AAB800023C5C /* ViewController~ipad.xib */; };
		01F00A331565974600CF44D9 /* GLView.m in Sources */ = {isa = PBXBuildFile; fileRef = 01F00A241565974600CF44D9 /* GLView.m */; };
		01F00A351565974600CF44D9 /* GLImage.m in Sources */ = {isa = PBXBuildFile; fileRef = 01F00A291565974600CF44D9 /* GLImage.m */; };
		01F00A361565974600CF44D9 /* GLImageView.m in Sources */ = {isa = PBXBuildFile; fileRef = 01F00A2B1565974600CF44D9 /* GLImageView.m */; };
		01F9F13B162E9AAF00877219 /* image2.png.gz in Resources */ = {isa = PBXBuildFile; fileRef = 01F9F137162E9AAE00877219 /* image2.png.gz */; };
		01F9F13C162E9AAF00877219 /* image2@2x.png.gz in Resources */ = {isa = PBXBuildFile; fileRef = 01F9F138162E9AAE00877219 /* image2@2x.png.gz */; };
		01F9F13D162E9AAF00877219 /* Image2@2x~ipad.png.gz in Resources */ = {isa = PBXBuildFile; fileRef = 01F9F139162E9AAE00877219 /* Image2@2x~ipad.png.gz */; };
		01F9F13E162E9AAF00877219 /* Image2~ipad.png.gz in Resources */ = {isa = PBXBuildFile; fileRef = 01F9F13A162E9AAF00877219 /* Image2~ipad.png.gz */; };
		01F9F140162E9AC700877219 /* Default-568h@2x.png in Resources */ = {isa = PBXBuildFile; fileRef = 01F9F13F162E9AC700877219 /* Default-568h@2x.png */; };
/* End PBXBuildFile section */

/* Begin PBXFileReference section */
		0116538C13C8FD7600942540 /* FileSuffixesTest.app */ = {isa = PBXFileReference; explicitFileType = wrapper.application; includeInIndex = 0; path = FileSuffixesTest.app; sourceTree = BUILT_PRODUCTS_DIR; };
		0116539013C8FD7600942540 /* UIKit.framework */ = {isa = PBXFileReference; lastKnownFileType = wrapper.framework; name = UIKit.framework; path = System/Library/Frameworks/UIKit.framework; sourceTree = SDKROOT; };
		0116539213C8FD7600942540 /* Foundation.framework */ = {isa = PBXFileReference; lastKnownFileType = wrapper.framework; name = Foundation.framework; path = System/Library/Frameworks/Foundation.framework; sourceTree = SDKROOT; };
		0116539413C8FD7600942540 /* CoreGraphics.framework */ = {isa = PBXFileReference; lastKnownFileType = wrapper.framework; name = CoreGraphics.framework; path = System/Library/Frameworks/CoreGraphics.framework; sourceTree = SDKROOT; };
		0116539613C8FD7600942540 /* QuartzCore.framework */ = {isa = PBXFileReference; lastKnownFileType = wrapper.framework; name = QuartzCore.framework; path = System/Library/Frameworks/QuartzCore.framework; sourceTree = SDKROOT; };
		0116539813C8FD7600942540 /* OpenGLES.framework */ = {isa = PBXFileReference; lastKnownFileType = wrapper.framework; name = OpenGLES.framework; path = System/Library/Frameworks/OpenGLES.framework; sourceTree = SDKROOT; };
		016B4BB813CB825000A06541 /* en */ = {isa = PBXFileReference; lastKnownFileType = text.plist.strings; name = en; path = en.lproj/InfoPlist.strings; sourceTree = "<group>"; };
		016B4BBA13CB825000A06541 /* en */ = {isa = PBXFileReference; lastKnownFileType = file.xib; name = en; path = en.lproj/MainWindow.xib; sourceTree = "<group>"; };
		016B4BBB13CB825000A06541 /* FileSuffixesTest-Info.plist */ = {isa = PBXFileReference; fileEncoding = 4; lastKnownFileType = text.plist.xml; path = "FileSuffixesTest-Info.plist"; sourceTree = "<group>"; };
		016B4BBC13CB825000A06541 /* GLImageExample-Prefix.pch */ = {isa = PBXFileReference; fileEncoding = 4; lastKnownFileType = sourcecode.c.h; path = "GLImageExample-Prefix.pch"; sourceTree = "<group>"; };
		016B4BC613CB825000A06541 /* main.m */ = {isa = PBXFileReference; fileEncoding = 4; lastKnownFileType = sourcecode.c.objc; path = main.m; sourceTree = "<group>"; };
		0183CA5C157CED8400805862 /* GLImageMap.h */ = {isa = PBXFileReference; fileEncoding = 4; lastKnownFileType = sourcecode.c.h; path = GLImageMap.h; sourceTree = "<group>"; };
		0183CA5D157CED8400805862 /* GLImageMap.m */ = {isa = PBXFileReference; fileEncoding = 4; lastKnownFileType = sourcecode.c.objc; path = GLImageMap.m; sourceTree = "<group>"; };
		0183CA60157D072000805862 /* GLUtils.h */ = {isa = PBXFileReference; fileEncoding = 4; lastKnownFileType = sourcecode.c.h; path = GLUtils.h; sourceTree = "<group>"; };
		0183CA61157D072000805862 /* GLUtils.m */ = {isa = PBXFileReference; fileEncoding = 4; lastKnownFileType = sourcecode.c.objc; path = GLUtils.m; sourceTree = "<group>"; };
		019894CA1582A45900023C5C /* image1.png */ = {isa = PBXFileReference; lastKnownFileType = image.png; path = image1.png; sourceTree = "<group>"; };
		019894CB1582A45900023C5C /* image1@2x.png */ = {isa = PBXFileReference; lastKnownFileType = image.png; path = "image1@2x.png"; sourceTree = "<group>"; };
		019894CC1582A45900023C5C /* Image1~ipad.png */ = {isa = PBXFileReference; lastKnownFileType = image.png; path = "Image1~ipad.png"; sourceTree = "<group>"; };
		019894CD1582A45900023C5C /* Image1@2x~ipad.png */ = {isa = PBXFileReference; lastKnownFileType = image.png; path = "Image1@2x~ipad.png"; sourceTree = "<group>"; };
		019894D81582A4BA00023C5C /* ViewController.h */ = {isa = PBXFileReference; fileEncoding = 4; lastKnownFileType = sourcecode.c.h; path = ViewController.h; sourceTree = "<group>"; };
		019894D91582A4BA00023C5C /* ViewController.m */ = {isa = PBXFileReference; fileEncoding = 4; lastKnownFileType = sourcecode.c.objc; path = ViewController.m; sourceTree = "<group>"; };
		019894DA1582A4BA00023C5C /* ViewController.xib */ = {isa = PBXFileReference; fileEncoding = 4; lastKnownFileType = file.xib; path = ViewController.xib; sourceTree = "<group>"; };
		019894DD1582A70D00023C5C /* AppDelegate.h */ = {isa = PBXFileReference; fileEncoding = 4; lastKnownFileType = sourcecode.c.h; path = AppDelegate.h; sourceTree = "<group>"; };
		019894DE1582A70D00023C5C /* AppDelegate.m */ = {isa = PBXFileReference; fileEncoding = 4; lastKnownFileType = sourcecode.c.objc; path = AppDelegate.m; sourceTree = "<group>"; };
		019894E01582AAB800023C5C /* ViewController~ipad.xib */ = {isa = PBXFileReference; fileEncoding = 4; lastKnownFileType = file.xib; path = "ViewController~ipad.xib"; sourceTree = "<group>"; };
		01F00A231565974600CF44D9 /* GLView.h */ = {isa = PBXFileReference; fileEncoding = 4; lastKnownFileType = sourcecode.c.h; path = GLView.h; sourceTree = "<group>"; };
		01F00A241565974600CF44D9 /* GLView.m */ = {isa = PBXFileReference; fileEncoding = 4; lastKnownFileType = sourcecode.c.objc; path = GLView.m; sourceTree = "<group>"; };
		01F00A281565974600CF44D9 /* GLImage.h */ = {isa = PBXFileReference; fileEncoding = 4; lastKnownFileType = sourcecode.c.h; path = GLImage.h; sourceTree = "<group>"; };
		01F00A291565974600CF44D9 /* GLImage.m */ = {isa = PBXFileReference; fileEncoding = 4; lastKnownFileType = sourcecode.c.objc; path = GLImage.m; sourceTree = "<group>"; };
		01F00A2A1565974600CF44D9 /* GLImageView.h */ = {isa = PBXFileReference; fileEncoding = 4; lastKnownFileType = sourcecode.c.h; path = GLImageView.h; sourceTree = "<group>"; };
		01F00A2B1565974600CF44D9 /* GLImageView.m */ = {isa = PBXFileReference; fileEncoding = 4; lastKnownFileType = sourcecode.c.objc; path = GLImageView.m; sourceTree = "<group>"; };
		01F9F137162E9AAE00877219 /* image2.png.gz */ = {isa = PBXFileReference; lastKnownFileType = archive.gzip; path = image2.png.gz; sourceTree = "<group>"; };
		01F9F138162E9AAE00877219 /* image2@2x.png.gz */ = {isa = PBXFileReference; lastKnownFileType = archive.gzip; path = "image2@2x.png.gz"; sourceTree = "<group>"; };
		01F9F139162E9AAE00877219 /* Image2@2x~ipad.png.gz */ = {isa = PBXFileReference; lastKnownFileType = archive.gzip; path = "Image2@2x~ipad.png.gz"; sourceTree = "<group>"; };
		01F9F13A162E9AAF00877219 /* Image2~ipad.png.gz */ = {isa = PBXFileReference; lastKnownFileType = archive.gzip; path = "Image2~ipad.png.gz"; sourceTree = "<group>"; };
		01F9F13F162E9AC700877219 /* Default-568h@2x.png */ = {isa = PBXFileReference; lastKnownFileType = image.png; path = "Default-568h@2x.png"; sourceTree = "<group>"; };
/* End PBXFileReference section */

/* Begin PBXFrameworksBuildPhase section */
		0116538913C8FD7600942540 /* Frameworks */ = {
			isa = PBXFrameworksBuildPhase;
			buildActionMask = 2147483647;
			files = (
				0116539113C8FD7600942540 /* UIKit.framework in Frameworks */,
				0116539313C8FD7600942540 /* Foundation.framework in Frameworks */,
				0116539513C8FD7600942540 /* CoreGraphics.framework in Frameworks */,
				0116539713C8FD7600942540 /* QuartzCore.framework in Frameworks */,
				0116539913C8FD7600942540 /* OpenGLES.framework in Frameworks */,
			);
			runOnlyForDeploymentPostprocessing = 0;
		};
/* End PBXFrameworksBuildPhase section */

/* Begin PBXGroup section */
		0116538113C8FD7600942540 = {
			isa = PBXGroup;
			children = (
				01F00A201565974600CF44D9 /* GLView */,
				016B4BB413CB825000A06541 /* GLViewExample */,
				0116538F13C8FD7600942540 /* Frameworks */,
				0116538D13C8FD7600942540 /* Products */,
			);
			sourceTree = "<group>";
		};
		0116538D13C8FD7600942540 /* Products */ = {
			isa = PBXGroup;
			children = (
				0116538C13C8FD7600942540 /* FileSuffixesTest.app */,
			);
			name = Products;
			sourceTree = "<group>";
		};
		0116538F13C8FD7600942540 /* Frameworks */ = {
			isa = PBXGroup;
			children = (
				0116539013C8FD7600942540 /* UIKit.framework */,
				0116539213C8FD7600942540 /* Foundation.framework */,
				0116539413C8FD7600942540 /* CoreGraphics.framework */,
				0116539613C8FD7600942540 /* QuartzCore.framework */,
				0116539813C8FD7600942540 /* OpenGLES.framework */,
			);
			name = Frameworks;
			sourceTree = "<group>";
		};
		012AB12914A1452C0016FFF1 /* Supporting Files */ = {
			isa = PBXGroup;
			children = (
				01F9F13F162E9AC700877219 /* Default-568h@2x.png */,
				016B4BB713CB825000A06541 /* InfoPlist.strings */,
				016B4BBB13CB825000A06541 /* FileSuffixesTest-Info.plist */,
				016B4BBC13CB825000A06541 /* GLImageExample-Prefix.pch */,
				016B4BC613CB825000A06541 /* main.m */,
			);
			name = "Supporting Files";
			sourceTree = "<group>";
		};
		016B4BB413CB825000A06541 /* GLViewExample */ = {
			isa = PBXGroup;
			children = (
				019894C91582A45900023C5C /* Images */,
				016B4BDC13CB831700A06541 /* Classes */,
				016B4BDD13CB833500A06541 /* Nibs */,
				012AB12914A1452C0016FFF1 /* Supporting Files */,
			);
			path = GLViewExample;
			sourceTree = "<group>";
		};
		016B4BDC13CB831700A06541 /* Classes */ = {
			isa = PBXGroup;
			children = (
				019894DD1582A70D00023C5C /* AppDelegate.h */,
				019894DE1582A70D00023C5C /* AppDelegate.m */,
				019894D81582A4BA00023C5C /* ViewController.h */,
				019894D91582A4BA00023C5C /* ViewController.m */,
			);
			name = Classes;
			sourceTree = "<group>";
		};
		016B4BDD13CB833500A06541 /* Nibs */ = {
			isa = PBXGroup;
			children = (
				019894DA1582A4BA00023C5C /* ViewController.xib */,
				019894E01582AAB800023C5C /* ViewController~ipad.xib */,
				016B4BB913CB825000A06541 /* MainWindow.xib */,
			);
			name = Nibs;
			sourceTree = "<group>";
		};
		019894C91582A45900023C5C /* Images */ = {
			isa = PBXGroup;
			children = (
				019894CA1582A45900023C5C /* image1.png */,
				019894CB1582A45900023C5C /* image1@2x.png */,
				019894CC1582A45900023C5C /* Image1~ipad.png */,
				019894CD1582A45900023C5C /* Image1@2x~ipad.png */,
				01F9F137162E9AAE00877219 /* image2.png.gz */,
				01F9F138162E9AAE00877219 /* image2@2x.png.gz */,
				01F9F13A162E9AAF00877219 /* Image2~ipad.png.gz */,
				01F9F139162E9AAE00877219 /* Image2@2x~ipad.png.gz */,
			);
			path = Images;
			sourceTree = "<group>";
		};
		01F00A201565974600CF44D9 /* GLView */ = {
			isa = PBXGroup;
			children = (
				01F00A211565974600CF44D9 /* Core */,
				01F00A271565974600CF44D9 /* Images */,
			);
			name = GLView;
			path = ../../GLView;
			sourceTree = "<group>";
		};
		01F00A211565974600CF44D9 /* Core */ = {
			isa = PBXGroup;
			children = (
				0183CA60157D072000805862 /* GLUtils.h */,
				0183CA61157D072000805862 /* GLUtils.m */,
				01F00A231565974600CF44D9 /* GLView.h */,
				01F00A241565974600CF44D9 /* GLView.m */,
			);
			path = Core;
			sourceTree = "<group>";
		};
		01F00A271565974600CF44D9 /* Images */ = {
			isa = PBXGroup;
			children = (
				01F00A281565974600CF44D9 /* GLImage.h */,
				01F00A291565974600CF44D9 /* GLImage.m */,
				0183CA5C157CED8400805862 /* GLImageMap.h */,
				0183CA5D157CED8400805862 /* GLImageMap.m */,
				01F00A2A1565974600CF44D9 /* GLImageView.h */,
				01F00A2B1565974600CF44D9 /* GLImageView.m */,
			);
			path = Images;
			sourceTree = "<group>";
		};
/* End PBXGroup section */

/* Begin PBXNativeTarget section */
		0116538B13C8FD7600942540 /* FileSuffixesTest */ = {
			isa = PBXNativeTarget;
			buildConfigurationList = 011653B813C8FD7800942540 /* Build configuration list for PBXNativeTarget "FileSuffixesTest" */;
			buildPhases = (
				0116538813C8FD7600942540 /* Sources */,
				0116538913C8FD7600942540 /* Frameworks */,
				0116538A13C8FD7600942540 /* Resources */,
			);
			buildRules = (
			);
			dependencies = (
			);
			name = FileSuffixesTest;
			productName = GLView;
			productReference = 0116538C13C8FD7600942540 /* FileSuffixesTest.app */;
			productType = "com.apple.product-type.application";
		};
/* End PBXNativeTarget section */

/* Begin PBXProject section */
		0116538313C8FD7600942540 /* Project object */ = {
			isa = PBXProject;
			attributes = {
				LastUpgradeCheck = 0430;
			};
			buildConfigurationList = 0116538613C8FD7600942540 /* Build configuration list for PBXProject "FileSuffixesTest" */;
			compatibilityVersion = "Xcode 3.2";
			developmentRegion = English;
			hasScannedForEncodings = 0;
			knownRegions = (
				en,
			);
			mainGroup = 0116538113C8FD7600942540;
			productRefGroup = 0116538D13C8FD7600942540 /* Products */;
			projectDirPath = "";
			projectRoot = "";
			targets = (
				0116538B13C8FD7600942540 /* FileSuffixesTest */,
			);
		};
/* End PBXProject section */

/* Begin PBXResourcesBuildPhase section */
		0116538A13C8FD7600942540 /* Resources */ = {
			isa = PBXResourcesBuildPhase;
			buildActionMask = 2147483647;
			files = (
				016B4BD013CB825000A06541 /* MainWindow.xib in Resources */,
				019894D11582A45900023C5C /* image1.png in Resources */,
				019894D21582A45900023C5C /* image1@2x.png in Resources */,
				019894D31582A45900023C5C /* Image1~ipad.png in Resources */,
				019894D41582A45900023C5C /* Image1@2x~ipad.png in Resources */,
				019894DC1582A4BA00023C5C /* ViewController.xib in Resources */,
				019894E11582AAB800023C5C /* ViewController~ipad.xib in Resources */,
				01F9F13B162E9AAF00877219 /* image2.png.gz in Resources */,
				01F9F13C162E9AAF00877219 /* image2@2x.png.gz in Resources */,
				01F9F13D162E9AAF00877219 /* Image2@2x~ipad.png.gz in Resources */,
				01F9F13E162E9AAF00877219 /* Image2~ipad.png.gz in Resources */,
				01F9F140162E9AC700877219 /* Default-568h@2x.png in Resources */,
			);
			runOnlyForDeploymentPostprocessing = 0;
		};
/* End PBXResourcesBuildPhase section */

/* Begin PBXSourcesBuildPhase section */
		0116538813C8FD7600942540 /* Sources */ = {
			isa = PBXSourcesBuildPhase;
			buildActionMask = 2147483647;
			files = (
				016B4BD813CB825000A06541 /* main.m in Sources */,
				01F00A331565974600CF44D9 /* GLView.m in Sources */,
				01F00A351565974600CF44D9 /* GLImage.m in Sources */,
				01F00A361565974600CF44D9 /* GLImageView.m in Sources */,
				0183CA5E157CED8400805862 /* GLImageMap.m in Sources */,
				0183CA62157D072000805862 /* GLUtils.m in Sources */,
				019894DB1582A4BA00023C5C /* ViewController.m in Sources */,
				019894DF1582A70D00023C5C /* AppDelegate.m in Sources */,
			);
			runOnlyForDeploymentPostprocessing = 0;
		};
/* End PBXSourcesBuildPhase section */

/* Begin PBXVariantGroup section */
		016B4BB713CB825000A06541 /* InfoPlist.strings */ = {
			isa = PBXVariantGroup;
			children = (
				016B4BB813CB825000A06541 /* en */,
			);
			name = InfoPlist.strings;
			sourceTree = "<group>";
		};
		016B4BB913CB825000A06541 /* MainWindow.xib */ = {
			isa = PBXVariantGroup;
			children = (
				016B4BBA13CB825000A06541 /* en */,
			);
			name = MainWindow.xib;
			sourceTree = "<group>";
		};
/* End PBXVariantGroup section */

/* Begin XCBuildConfiguration section */
		011653B613C8FD7800942540 /* Debug */ = {
			isa = XCBuildConfiguration;
			buildSettings = {
				ARCHS = "$(ARCHS_STANDARD_32_BIT)";
				"CODE_SIGN_IDENTITY[sdk=iphoneos*]" = "iPhone Developer";
				GCC_C_LANGUAGE_STANDARD = gnu99;
				GCC_OPTIMIZATION_LEVEL = 0;
				GCC_PREPROCESSOR_DEFINITIONS = DEBUG;
				GCC_SYMBOLS_PRIVATE_EXTERN = NO;
				GCC_VERSION = com.apple.compilers.llvmgcc42;
				GCC_WARN_ABOUT_RETURN_TYPE = YES;
				GCC_WARN_UNUSED_VARIABLE = YES;
				IPHONEOS_DEPLOYMENT_TARGET = 4.3;
				SDKROOT = iphoneos;
			};
			name = Debug;
		};
		011653B713C8FD7800942540 /* Release */ = {
			isa = XCBuildConfiguration;
			buildSettings = {
				ARCHS = "$(ARCHS_STANDARD_32_BIT)";
				"CODE_SIGN_IDENTITY[sdk=iphoneos*]" = "iPhone Developer";
				GCC_C_LANGUAGE_STANDARD = gnu99;
				GCC_VERSION = com.apple.compilers.llvmgcc42;
				GCC_WARN_ABOUT_RETURN_TYPE = YES;
				GCC_WARN_UNUSED_VARIABLE = YES;
				IPHONEOS_DEPLOYMENT_TARGET = 4.3;
				OTHER_CFLAGS = "-DNS_BLOCK_ASSERTIONS=1";
				SDKROOT = iphoneos;
			};
			name = Release;
		};
		011653B913C8FD7800942540 /* Debug */ = {
			isa = XCBuildConfiguration;
			buildSettings = {
				ALWAYS_SEARCH_USER_PATHS = NO;
				CLANG_ENABLE_OBJC_ARC = YES;
				COPY_PHASE_STRIP = NO;
				GCC_DYNAMIC_NO_PIC = NO;
				GCC_PRECOMPILE_PREFIX_HEADER = YES;
				GCC_PREFIX_HEADER = "GLViewExample/GLImageExample-Prefix.pch";
				"GCC_THUMB_SUPPORT[arch=armv6]" = "";
				GCC_VERSION = com.apple.compilers.llvm.clang.1_0;
				INFOPLIST_FILE = "GLViewExample/FileSuffixesTest-Info.plist";
				IPHONEOS_DEPLOYMENT_TARGET = 5.1;
				PRODUCT_NAME = FileSuffixesTest;
				SDKROOT = iphoneos;
				TARGETED_DEVICE_FAMILY = "1,2";
				WRAPPER_EXTENSION = app;
			};
			name = Debug;
		};
		011653BA13C8FD7800942540 /* Release */ = {
			isa = XCBuildConfiguration;
			buildSettings = {
				ALWAYS_SEARCH_USER_PATHS = NO;
				CLANG_ENABLE_OBJC_ARC = YES;
				"CODE_SIGN_IDENTITY[sdk=iphoneos*]" = "iPhone Distribution";
				COPY_PHASE_STRIP = YES;
				GCC_PRECOMPILE_PREFIX_HEADER = YES;
				GCC_PREFIX_HEADER = "GLViewExample/GLImageExample-Prefix.pch";
				"GCC_THUMB_SUPPORT[arch=armv6]" = "";
				GCC_VERSION = com.apple.compilers.llvm.clang.1_0;
				INFOPLIST_FILE = "GLViewExample/FileSuffixesTest-Info.plist";
				IPHONEOS_DEPLOYMENT_TARGET = 5.1;
				PRODUCT_NAME = FileSuffixesTest;
				"PROVISIONING_PROFILE[sdk=iphoneos*]" = "";
				SDKROOT = iphoneos;
				TARGETED_DEVICE_FAMILY = "1,2";
				VALIDATE_PRODUCT = YES;
				WRAPPER_EXTENSION = app;
			};
			name = Release;
		};
/* End XCBuildConfiguration section */

/* Begin XCConfigurationList section */
		0116538613C8FD7600942540 /* Build configuration list for PBXProject "FileSuffixesTest" */ = {
			isa = XCConfigurationList;
			buildConfigurations = (
				011653B613C8FD7800942540 /* Debug */,
				011653B713C8FD7800942540 /* Release */,
			);
			defaultConfigurationIsVisible = 0;
			defaultConfigurationName = Release;
		};
		011653B813C8FD7800942540 /* Build configuration list for PBXNativeTarget "FileSuffixesTest" */ = {
			isa = XCConfigurationList;
			buildConfigurations = (
				011653B913C8FD7800942540 /* Debug */,
				011653BA13C8FD7800942540 /* Release */,
			);
			defaultConfigurationIsVisible = 0;
			defaultConfigurationName = Release;
		};
/* End XCConfigurationList section */
	};
	rootObject = 0116538313C8FD7600942540 /* Project object */;
}
